
Microsoft Visual Studio Solution File, Format Version 12.00
# Visual Studio Version 16
VisualStudioVersion = 16.0.32630.194
MinimumVisualStudioVersion = 10.0.40219.1
Project("{FAE04EC0-301F-11D3-BF4B-00C04F79EFBC}") = "YeniOdev", "YeniOdev\YeniOdev.csproj", "{CA58BCB0-897C-467B-98E8-14721D1A78F3}"
EndProject
Global
	GlobalSection(SolutionConfigurationPlatforms) = preSolution
		Debug|Any CPU = Debug|Any CPU
		Release|Any CPU = Release|Any CPU
	EndGlobalSection
	GlobalSection(ProjectConfigurationPlatforms) = postSolution
		{CA58BCB0-897C-467B-98E8-14721D1A78F3}.Debug|Any CPU.ActiveCfg = Debug|Any CPU
		{CA58BCB0-897C-467B-98E8-14721D1A78F3}.Debug|Any CPU.Build.0 = Debug|Any CPU
		{CA58BCB0-897C-467B-98E8-14721D1A78F3}.Release|Any CPU.ActiveCfg = Release|Any CPU
		{CA58BCB0-897C-467B-98E8-14721D1A78F3}.Release|Any CPU.Build.0 = Release|Any CPU
	EndGlobalSection
	GlobalSection(SolutionProperties) = preSolution
		HideSolutionNode = FALSE
	EndGlobalSection
	GlobalSection(ExtensibilityGlobals) = postSolution
		SolutionGuid = {7ED219D8-9E98-4B39-83B8-7BD07996DE46}
	EndGlobalSection
EndGlobal
